{
  "nodes": {
    "flake-utils": {
      "inputs": {
        "systems": "systems"
      },
      "locked": {
        "lastModified": 1731533236,
        "narHash": "sha256-l0KFg5HjrsfsO/JpG+r7fRrqm12kzFHyUHqHCVpMMbI=",
        "owner": "numtide",
        "repo": "flake-utils",
        "rev": "11707dc2f618dd54ca8739b309ec4fc024de578b",
        "type": "github"
      },
      "original": {
        "owner": "numtide",
        "repo": "flake-utils",
        "type": "github"
      }
    },
    "nixpkgs": {
      "locked": {
        "lastModified": 1780030872,
        "narHash": "sha256-u6WU/yd/o8iYQrHX3RAwO1hYa3LkoSL+WNQD0rJfJZQ=",
        "owner": "NixOS",
        "repo": "nixpkgs",
        "rev": "e9a7635a57597d9754eccebdfc7045e6c8600e6b",
        "type": "github"
      },
      "original": {
        "owner": "NixOS",
        "ref": "nixpkgs-unstable",
        "repo": "nixpkgs",
        "type": "github"
      }
    },
    "o2-src": {
      "flake": false,
      "locked": {
        "lastModified": 1780176803,
        "narHash": "sha256-9NINLrJUDbTcndorfi/ol8S3kizlLufE8uc1aai/FX8=",
        "owner": "AliceO2Group",
        "repo": "AliceO2",
        "rev": "145d5ea65975c665b7263c33653f82f91a82305b",
        "type": "github"
      },
      "original": {
        "owner": "AliceO2Group",
        "ref": "dev",
        "repo": "AliceO2",
        "type": "github"
      }
    },
    "o2physics-src": {
      "flake": false,
      "locked": {
        "lastModified": 1780176553,
        "narHash": "sha256-AkFaw1eG/1ECG8hXyfuRy5HJLxKxFo8I3AAkcykrhRI=",
        "owner": "AliceO2Group",
        "repo": "O2Physics",
        "rev": "4133d27900fde70b2664e2d1c0bc4a79b22e5dfd",
        "type": "github"
      },
      "original": {
        "owner": "AliceO2Group",
        "ref": "master",
        "repo": "O2Physics",
        "type": "github"
      }
    },
    "root": {
      "inputs": {
        "flake-utils": "flake-utils",
        "nixpkgs": "nixpkgs",
        "o2-src": "o2-src",
        "o2physics-src": "o2physics-src"
      }
    },
    "systems": {
      "locked": {
        "lastModified": 1681028828,
        "narHash": "sha256-Vy1rq5AaRuLzOxct8nz4T6wlgyUR7zLU309k9mBC768=",
        "owner": "nix-systems",
        "repo": "default",
        "rev": "da67096a3b9bf56a91d16901293e51ba5b49a27e",
        "type": "github"
      },
      "original": {
        "owner": "nix-systems",
        "repo": "default",
        "type": "github"
      }
    }
  },
  "root": "root",
  "version": 7
}
