{
  "nodes": {
    "flake-utils": {
      "inputs": {
        "systems": "systems"
      },
      "locked": {
        "lastModified": 1731533236,
        "narHash": "sha256-l0KFg5HjrsfsO/JpG+r7fRrqm12kzFHyUHqHCVpMMbI=",
        "owner": "numtide",
        "repo": "flake-utils",
        "rev": "11707dc2f618dd54ca8739b309ec4fc024de578b",
        "type": "github"
      },
      "original": {
        "owner": "numtide",
        "repo": "flake-utils",
        "type": "github"
      }
    },
    "nixpkgs": {
      "locked": {
        "lastModified": 1777641297,
        "narHash": "sha256-WNGcmeOZ8Tr9dq6ztCspYbzWFswr2mPebM9LpsfGxPk=",
        "owner": "NixOS",
        "repo": "nixpkgs",
        "rev": "c6d65881c5624c9cae5ea6cedef24699b0c0a4c0",
        "type": "github"
      },
      "original": {
        "owner": "NixOS",
        "ref": "nixpkgs-unstable",
        "repo": "nixpkgs",
        "type": "github"
      }
    },
    "o2-src": {
      "flake": false,
      "locked": {
        "lastModified": 1777698367,
        "narHash": "sha256-P3aTvWivrpxuAG98hCNIAt/4cVVRf1QH9NBWzUEZ4fg=",
        "owner": "AliceO2Group",
        "repo": "AliceO2",
        "rev": "d87cff5580733c2f480f7bb8ad4cf97178349280",
        "type": "github"
      },
      "original": {
        "owner": "AliceO2Group",
        "ref": "dev",
        "repo": "AliceO2",
        "type": "github"
      }
    },
    "o2physics-src": {
      "flake": false,
      "locked": {
        "lastModified": 1777773421,
        "narHash": "sha256-DtK1QtxlP9TELiouE53huGJtUyb0buKFPBbjjM2aTo8=",
        "owner": "AliceO2Group",
        "repo": "O2Physics",
        "rev": "8d0b2c148a07224c4856139d3239efc2442bffce",
        "type": "github"
      },
      "original": {
        "owner": "AliceO2Group",
        "ref": "master",
        "repo": "O2Physics",
        "type": "github"
      }
    },
    "root": {
      "inputs": {
        "flake-utils": "flake-utils",
        "nixpkgs": "nixpkgs",
        "o2-src": "o2-src",
        "o2physics-src": "o2physics-src"
      }
    },
    "systems": {
      "locked": {
        "lastModified": 1681028828,
        "narHash": "sha256-Vy1rq5AaRuLzOxct8nz4T6wlgyUR7zLU309k9mBC768=",
        "owner": "nix-systems",
        "repo": "default",
        "rev": "da67096a3b9bf56a91d16901293e51ba5b49a27e",
        "type": "github"
      },
      "original": {
        "owner": "nix-systems",
        "repo": "default",
        "type": "github"
      }
    }
  },
  "root": "root",
  "version": 7
}
