{
  "nodes": {
    "flake-utils": {
      "inputs": {
        "systems": "systems"
      },
      "locked": {
        "lastModified": 1731533236,
        "narHash": "sha256-l0KFg5HjrsfsO/JpG+r7fRrqm12kzFHyUHqHCVpMMbI=",
        "owner": "numtide",
        "repo": "flake-utils",
        "rev": "11707dc2f618dd54ca8739b309ec4fc024de578b",
        "type": "github"
      },
      "original": {
        "owner": "numtide",
        "repo": "flake-utils",
        "type": "github"
      }
    },
    "nixpkgs": {
      "locked": {
        "lastModified": 1776329215,
        "narHash": "sha256-a8BYi3mzoJ/AcJP8UldOx8emoPRLeWqALZWu4ZvjPXw=",
        "owner": "NixOS",
        "repo": "nixpkgs",
        "rev": "b86751bc4085f48661017fa226dee99fab6c651b",
        "type": "github"
      },
      "original": {
        "owner": "NixOS",
        "ref": "nixpkgs-unstable",
        "repo": "nixpkgs",
        "type": "github"
      }
    },
    "o2-src": {
      "flake": false,
      "locked": {
        "lastModified": 1776430323,
        "narHash": "sha256-e9/XvIM78QKvq3RFiOr25Y7eZ51zBRINNUn+cVNk2Ho=",
        "owner": "AliceO2Group",
        "repo": "AliceO2",
        "rev": "1e1c6e59cd667daec5e23981670bd3c767a710c0",
        "type": "github"
      },
      "original": {
        "owner": "AliceO2Group",
        "ref": "dev",
        "repo": "AliceO2",
        "type": "github"
      }
    },
    "o2physics-src": {
      "flake": false,
      "locked": {
        "lastModified": 1776551599,
        "narHash": "sha256-MKSG0b5MoFKDk3nhag7+LQyt8Sb4ZrtZ0HTdHLYETYc=",
        "owner": "AliceO2Group",
        "repo": "O2Physics",
        "rev": "f4ec4e509734228d21fc11a707541c629186c7b5",
        "type": "github"
      },
      "original": {
        "owner": "AliceO2Group",
        "ref": "master",
        "repo": "O2Physics",
        "type": "github"
      }
    },
    "root": {
      "inputs": {
        "flake-utils": "flake-utils",
        "nixpkgs": "nixpkgs",
        "o2-src": "o2-src",
        "o2physics-src": "o2physics-src"
      }
    },
    "systems": {
      "locked": {
        "lastModified": 1681028828,
        "narHash": "sha256-Vy1rq5AaRuLzOxct8nz4T6wlgyUR7zLU309k9mBC768=",
        "owner": "nix-systems",
        "repo": "default",
        "rev": "da67096a3b9bf56a91d16901293e51ba5b49a27e",
        "type": "github"
      },
      "original": {
        "owner": "nix-systems",
        "repo": "default",
        "type": "github"
      }
    }
  },
  "root": "root",
  "version": 7
}
